
Microsoft Visual Studio Solution File, Format Version 10.00
# Visual Studio 2008
Project("{8BC9CEB8-8B4A-11D0-8D11-00A0C91BC942}") = "PipeWalker", "PipeWalker.vcproj", "{1304CEDA-B6E1-461A-A447-7F962D0C9927}"
EndProject
Global
	GlobalSection(SolutionConfigurationPlatforms) = preSolution
		Debug|Win32 = Debug|Win32
	EndGlobalSection
	GlobalSection(ProjectConfigurationPlatforms) = postSolution
		{1304CEDA-B6E1-461A-A447-7F962D0C9927}.Debug|Win32.ActiveCfg = Debug|Win32
		{1304CEDA-B6E1-461A-A447-7F962D0C9927}.Debug|Win32.Build.0 = Debug|Win32
	EndGlobalSection
	GlobalSection(SolutionProperties) = preSolution
		HideSolutionNode = FALSE
	EndGlobalSection
EndGlobal
