<?xml version="1.0" encoding="utf-8"?>
<Project ToolsVersion="4.0" xmlns="http://schemas.microsoft.com/developer/msbuild/2003">
  <ItemGroup>
    <ClCompile Include="src\cell.cpp" />
    <ClCompile Include="src\game.cpp" />
    <ClCompile Include="src\main.cpp" />
    <ClCompile Include="src\map.cpp" />
    <ClCompile Include="src\modepuzzle.cpp" />
    <ClCompile Include="src\modesettings.cpp" />
    <ClCompile Include="src\settings.cpp" />
    <ClCompile Include="src\sound.cpp" />
    <ClCompile Include="src\buffer.cpp">
      <Filter>Framework</Filter>
    </ClCompile>
    <ClCompile Include="src\button.cpp">
      <Filter>Framework</Filter>
    </ClCompile>
    <ClCompile Include="src\image.cpp">
      <Filter>Framework</Filter>
    </ClCompile>
    <ClCompile Include="src\explosion.cpp">
      <Filter>Framework</Filter>
    </ClCompile>
    <ClCompile Include="src\rendertext.cpp">
      <Filter>Framework</Filter>
    </ClCompile>
    <ClCompile Include="src\texture.cpp">
      <Filter>Framework</Filter>
    </ClCompile>
    <ClCompile Include="src\winmgr.cpp">
      <Filter>Win managers</Filter>
    </ClCompile>
    <ClCompile Include="src\winmgr_sdl.cpp">
      <Filter>Win managers</Filter>
    </ClCompile>
    <ClCompile Include="src\winmgr_win.cpp">
      <Filter>Win managers</Filter>
    </ClCompile>
    <ClCompile Include="src\synchro.cpp">
      <Filter>Framework</Filter>
    </ClCompile>
    <ClCompile Include="src\mtrandom.cpp">
      <Filter>Framework</Filter>
    </ClCompile>
  </ItemGroup>
  <ItemGroup>
    <ClInclude Include="src\cell.h" />
    <ClInclude Include="src\common.h" />
    <ClInclude Include="src\game.h" />
    <ClInclude Include="src\map.h" />
    <ClInclude Include="src\modepuzzle.h" />
    <ClInclude Include="src\modesettings.h" />
    <ClInclude Include="src\PipeWalkerRes.h" />
    <ClInclude Include="src\settings.h" />
    <ClInclude Include="src\sound.h" />
    <ClInclude Include="src\buffer.h">
      <Filter>Framework</Filter>
    </ClInclude>
    <ClInclude Include="src\button.h">
      <Filter>Framework</Filter>
    </ClInclude>
    <ClInclude Include="src\exception.h">
      <Filter>Framework</Filter>
    </ClInclude>
    <ClInclude Include="src\image.h">
      <Filter>Framework</Filter>
    </ClInclude>
    <ClInclude Include="src\explosion.h">
      <Filter>Framework</Filter>
    </ClInclude>
    <ClInclude Include="src\rendertext.h">
      <Filter>Framework</Filter>
    </ClInclude>
    <ClInclude Include="src\texture.h">
      <Filter>Framework</Filter>
    </ClInclude>
    <ClInclude Include="src\winmgr_win.h">
      <Filter>Win managers</Filter>
    </ClInclude>
    <ClInclude Include="src\winmgr.h">
      <Filter>Win managers</Filter>
    </ClInclude>
    <ClInclude Include="src\winmgr_sdl.h">
      <Filter>Win managers</Filter>
    </ClInclude>
    <ClInclude Include="src\synchro.h">
      <Filter>Framework</Filter>
    </ClInclude>
    <ClInclude Include="src\mtrandom.h">
      <Filter>Framework</Filter>
    </ClInclude>
  </ItemGroup>
  <ItemGroup>
    <ResourceCompile Include="src\PipeWalker.rc" />
  </ItemGroup>
  <ItemGroup>
    <Filter Include="Framework">
      <UniqueIdentifier>{ad023c58-fa12-4426-8193-a1637027e94c}</UniqueIdentifier>
    </Filter>
    <Filter Include="Win managers">
      <UniqueIdentifier>{8bb94d29-8811-4a99-8c54-9707b22ba348}</UniqueIdentifier>
    </Filter>
  </ItemGroup>
</Project>